{
  "name": "DAFTAR",
  "lockfileVersion": 3,
  "requires": true,
  "packages": {
    "": {
      "dependencies": {
        "puq": "^0.0.0",
        "sweetalert2": "^11.14.1"
      }
    },
    "node_modules/puq": {
      "version": "0.0.0",
      "resolved": "https://registry.npmjs.org/puq/-/puq-0.0.0.tgz",
      "integrity": "sha512-ehCeQ4qXXzVygHs8VFL5e2DLc5ioHaHPx6sjMac5St5NuvVNiIOi9zcar4bpa6vGwTlY+U3eisi21TTmVPdapQ==",
      "license": "MIT"
    },
    "node_modules/sweetalert2": {
      "version": "11.14.1",
      "resolved": "https://registry.npmjs.org/sweetalert2/-/sweetalert2-11.14.1.tgz",
      "integrity": "sha512-xadhfcA4STGMh8nC5zHFFWURhRpWc4zyI3GdMDFH/m3hGWZeQQNWhX9xcG4lI9gZYsi/IlazKbwvvje3juL3Xg==",
      "license": "MIT",
      "funding": {
        "type": "individual",
        "url": "https://github.com/sponsors/limonte"
      }
    }
  }
}
